// !$*UTF8*$!
{
	archiveVersion = 1;
	classes = {
	};
	objectVersion = 50;
	objects = {

/* Begin PBXBuildFile section */
		F0E123DA26B9DB1F00BF9CFF /* AppDelegate.swift in Sources */ = {isa = PBXBuildFile; fileRef = F0E123D926B9DB1F00BF9CFF /* AppDelegate.swift */; };
		F0E123DC26B9DB1F00BF9CFF /* SceneDelegate.swift in Sources */ = {isa = PBXBuildFile; fileRef = F0E123DB26B9DB1F00BF9CFF /* SceneDelegate.swift */; };
		F0E123E126B9DB1F00BF9CFF /* Main.storyboard in Resources */ = {isa = PBXBuildFile; fileRef = F0E123DF26B9DB1F00BF9CFF /* Main.storyboard */; };
		F0E123E326B9DB2100BF9CFF /* Assets.xcassets in Resources */ = {isa = PBXBuildFile; fileRef = F0E123E226B9DB2100BF9CFF /* Assets.xcassets */; };
		F0E123E626B9DB2100BF9CFF /* LaunchScreen.storyboard in Resources */ = {isa = PBXBuildFile; fileRef = F0E123E426B9DB2100BF9CFF /* LaunchScreen.storyboard */; };
		F0E123F526B9DEA300BF9CFF /* Card.swift in Sources */ = {isa = PBXBuildFile; fileRef = F0E123F426B9DEA300BF9CFF /* Card.swift */; };
		F0E123F726B9E14000BF9CFF /* CardController.swift in Sources */ = {isa = PBXBuildFile; fileRef = F0E123F626B9E14000BF9CFF /* CardController.swift */; };
		F0E123FA26B9E26E00BF9CFF /* CardError.swift in Sources */ = {isa = PBXBuildFile; fileRef = F0E123F926B9E26E00BF9CFF /* CardError.swift */; };
		F0E123FC26B9F1F100BF9CFF /* UIViewControllerExtension.swift in Sources */ = {isa = PBXBuildFile; fileRef = F0E123FB26B9F1F100BF9CFF /* UIViewControllerExtension.swift */; };
		F0E123FF26B9F3F000BF9CFF /* CardViewController.swift in Sources */ = {isa = PBXBuildFile; fileRef = F0E123FE26B9F3F000BF9CFF /* CardViewController.swift */; };
/* End PBXBuildFile section */

/* Begin PBXFileReference section */
		F0E123D626B9DB1F00BF9CFF /* DeckOfOneCard.app */ = {isa = PBXFileReference; explicitFileType = wrapper.application; includeInIndex = 0; path = DeckOfOneCard.app; sourceTree = BUILT_PRODUCTS_DIR; };
		F0E123D926B9DB1F00BF9CFF /* AppDelegate.swift */ = {isa = PBXFileReference; lastKnownFileType = sourcecode.swift; path = AppDelegate.swift; sourceTree = "<group>"; };
		F0E123DB26B9DB1F00BF9CFF /* SceneDelegate.swift */ = {isa = PBXFileReference; lastKnownFileType = sourcecode.swift; path = SceneDelegate.swift; sourceTree = "<group>"; };
		F0E123E026B9DB1F00BF9CFF /* Base */ = {isa = PBXFileReference; lastKnownFileType = file.storyboard; name = Base; path = Base.lproj/Main.storyboard; sourceTree = "<group>"; };
		F0E123E226B9DB2100BF9CFF /* Assets.xcassets */ = {isa = PBXFileReference; lastKnownFileType = folder.assetcatalog; path = Assets.xcassets; sourceTree = "<group>"; };
		F0E123E526B9DB2100BF9CFF /* Base */ = {isa = PBXFileReference; lastKnownFileType = file.storyboard; name = Base; path = Base.lproj/LaunchScreen.storyboard; sourceTree = "<group>"; };
		F0E123E726B9DB2100BF9CFF /* Info.plist */ = {isa = PBXFileReference; lastKnownFileType = text.plist.xml; path = Info.plist; sourceTree = "<group>"; };
		F0E123F426B9DEA300BF9CFF /* Card.swift */ = {isa = PBXFileReference; lastKnownFileType = sourcecode.swift; path = Card.swift; sourceTree = "<group>"; };
		F0E123F626B9E14000BF9CFF /* CardController.swift */ = {isa = PBXFileReference; lastKnownFileType = sourcecode.swift; path = CardController.swift; sourceTree = "<group>"; };
		F0E123F926B9E26E00BF9CFF /* CardError.swift */ = {isa = PBXFileReference; lastKnownFileType = sourcecode.swift; path = CardError.swift; sourceTree = "<group>"; };
		F0E123FB26B9F1F100BF9CFF /* UIViewControllerExtension.swift */ = {isa = PBXFileReference; lastKnownFileType = sourcecode.swift; path = UIViewControllerExtension.swift; sourceTree = "<group>"; };
		F0E123FE26B9F3F000BF9CFF /* CardViewController.swift */ = {isa = PBXFileReference; lastKnownFileType = sourcecode.swift; path = CardViewController.swift; sourceTree = "<group>"; };
/* End PBXFileReference section */

/* Begin PBXFrameworksBuildPhase section */
		F0E123D326B9DB1F00BF9CFF /* Frameworks */ = {
			isa = PBXFrameworksBuildPhase;
			buildActionMask = 2147483647;
			files = (
			);
			runOnlyForDeploymentPostprocessing = 0;
		};
/* End PBXFrameworksBuildPhase section */

/* Begin PBXGroup section */
		F0E123CD26B9DB1F00BF9CFF = {
			isa = PBXGroup;
			children = (
				F0E123D826B9DB1F00BF9CFF /* DeckOfOneCard */,
				F0E123D726B9DB1F00BF9CFF /* Products */,
			);
			sourceTree = "<group>";
		};
		F0E123D726B9DB1F00BF9CFF /* Products */ = {
			isa = PBXGroup;
			children = (
				F0E123D626B9DB1F00BF9CFF /* DeckOfOneCard.app */,
			);
			name = Products;
			sourceTree = "<group>";
		};
		F0E123D826B9DB1F00BF9CFF /* DeckOfOneCard */ = {
			isa = PBXGroup;
			children = (
				F0E123F826B9E25F00BF9CFF /* Helper+Ex */,
				F0E123F026B9DB4E00BF9CFF /* Models */,
				F0E123EF26B9DB4700BF9CFF /* Controllers */,
				F0E123EE26B9DB4000BF9CFF /* Views */,
				F0E123ED26B9DB3300BF9CFF /* Resources */,
			);
			path = DeckOfOneCard;
			sourceTree = "<group>";
		};
		F0E123ED26B9DB3300BF9CFF /* Resources */ = {
			isa = PBXGroup;
			children = (
				F0E123D926B9DB1F00BF9CFF /* AppDelegate.swift */,
				F0E123DB26B9DB1F00BF9CFF /* SceneDelegate.swift */,
				F0E123E226B9DB2100BF9CFF /* Assets.xcassets */,
				F0E123E726B9DB2100BF9CFF /* Info.plist */,
			);
			path = Resources;
			sourceTree = "<group>";
		};
		F0E123EE26B9DB4000BF9CFF /* Views */ = {
			isa = PBXGroup;
			children = (
				F0E123F126B9DB6000BF9CFF /* Storyboards */,
			);
			path = Views;
			sourceTree = "<group>";
		};
		F0E123EF26B9DB4700BF9CFF /* Controllers */ = {
			isa = PBXGroup;
			children = (
				F0E123FD26B9F3D300BF9CFF /* ViewControllers */,
				F0E123F326B9DB8D00BF9CFF /* ModelController */,
				F0E123F226B9DB8000BF9CFF /* ViewController */,
			);
			path = Controllers;
			sourceTree = "<group>";
		};
		F0E123F026B9DB4E00BF9CFF /* Models */ = {
			isa = PBXGroup;
			children = (
				F0E123F426B9DEA300BF9CFF /* Card.swift */,
			);
			path = Models;
			sourceTree = "<group>";
		};
		F0E123F126B9DB6000BF9CFF /* Storyboards */ = {
			isa = PBXGroup;
			children = (
				F0E123DF26B9DB1F00BF9CFF /* Main.storyboard */,
				F0E123E426B9DB2100BF9CFF /* LaunchScreen.storyboard */,
			);
			name = Storyboards;
			sourceTree = "<group>";
		};
		F0E123F226B9DB8000BF9CFF /* ViewController */ = {
			isa = PBXGroup;
			children = (
			);
			name = ViewController;
			sourceTree = "<group>";
		};
		F0E123F326B9DB8D00BF9CFF /* ModelController */ = {
			isa = PBXGroup;
			children = (
				F0E123F626B9E14000BF9CFF /* CardController.swift */,
			);
			path = ModelController;
			sourceTree = "<group>";
		};
		F0E123F826B9E25F00BF9CFF /* Helper+Ex */ = {
			isa = PBXGroup;
			children = (
				F0E123F926B9E26E00BF9CFF /* CardError.swift */,
				F0E123FB26B9F1F100BF9CFF /* UIViewControllerExtension.swift */,
			);
			path = "Helper+Ex";
			sourceTree = "<group>";
		};
		F0E123FD26B9F3D300BF9CFF /* ViewControllers */ = {
			isa = PBXGroup;
			children = (
				F0E123FE26B9F3F000BF9CFF /* CardViewController.swift */,
			);
			name = ViewControllers;
			sourceTree = "<group>";
		};
/* End PBXGroup section */

/* Begin PBXNativeTarget section */
		F0E123D526B9DB1F00BF9CFF /* DeckOfOneCard */ = {
			isa = PBXNativeTarget;
			buildConfigurationList = F0E123EA26B9DB2100BF9CFF /* Build configuration list for PBXNativeTarget "DeckOfOneCard" */;
			buildPhases = (
				F0E123D226B9DB1F00BF9CFF /* Sources */,
				F0E123D326B9DB1F00BF9CFF /* Frameworks */,
				F0E123D426B9DB1F00BF9CFF /* Resources */,
			);
			buildRules = (
			);
			dependencies = (
			);
			name = DeckOfOneCard;
			productName = DeckOfOneCard;
			productReference = F0E123D626B9DB1F00BF9CFF /* DeckOfOneCard.app */;
			productType = "com.apple.product-type.application";
		};
/* End PBXNativeTarget section */

/* Begin PBXProject section */
		F0E123CE26B9DB1F00BF9CFF /* Project object */ = {
			isa = PBXProject;
			attributes = {
				LastSwiftUpdateCheck = 1250;
				LastUpgradeCheck = 1250;
				TargetAttributes = {
					F0E123D526B9DB1F00BF9CFF = {
						CreatedOnToolsVersion = 12.5.1;
					};
				};
			};
			buildConfigurationList = F0E123D126B9DB1F00BF9CFF /* Build configuration list for PBXProject "DeckOfOneCard" */;
			compatibilityVersion = "Xcode 9.3";
			developmentRegion = en;
			hasScannedForEncodings = 0;
			knownRegions = (
				en,
				Base,
			);
			mainGroup = F0E123CD26B9DB1F00BF9CFF;
			productRefGroup = F0E123D726B9DB1F00BF9CFF /* Products */;
			projectDirPath = "";
			projectRoot = "";
			targets = (
				F0E123D526B9DB1F00BF9CFF /* DeckOfOneCard */,
			);
		};
/* End PBXProject section */

/* Begin PBXResourcesBuildPhase section */
		F0E123D426B9DB1F00BF9CFF /* Resources */ = {
			isa = PBXResourcesBuildPhase;
			buildActionMask = 2147483647;
			files = (
				F0E123E626B9DB2100BF9CFF /* LaunchScreen.storyboard in Resources */,
				F0E123E326B9DB2100BF9CFF /* Assets.xcassets in Resources */,
				F0E123E126B9DB1F00BF9CFF /* Main.storyboard in Resources */,
			);
			runOnlyForDeploymentPostprocessing = 0;
		};
/* End PBXResourcesBuildPhase section */

/* Begin PBXSourcesBuildPhase section */
		F0E123D226B9DB1F00BF9CFF /* Sources */ = {
			isa = PBXSourcesBuildPhase;
			buildActionMask = 2147483647;
			files = (
				F0E123F726B9E14000BF9CFF /* CardController.swift in Sources */,
				F0E123FA26B9E26E00BF9CFF /* CardError.swift in Sources */,
				F0E123DA26B9DB1F00BF9CFF /* AppDelegate.swift in Sources */,
				F0E123FF26B9F3F000BF9CFF /* CardViewController.swift in Sources */,
				F0E123DC26B9DB1F00BF9CFF /* SceneDelegate.swift in Sources */,
				F0E123FC26B9F1F100BF9CFF /* UIViewControllerExtension.swift in Sources */,
				F0E123F526B9DEA300BF9CFF /* Card.swift in Sources */,
			);
			runOnlyForDeploymentPostprocessing = 0;
		};
/* End PBXSourcesBuildPhase section */

/* Begin PBXVariantGroup section */
		F0E123DF26B9DB1F00BF9CFF /* Main.storyboard */ = {
			isa = PBXVariantGroup;
			children = (
				F0E123E026B9DB1F00BF9CFF /* Base */,
			);
			name = Main.storyboard;
			sourceTree = "<group>";
		};
		F0E123E426B9DB2100BF9CFF /* LaunchScreen.storyboard */ = {
			isa = PBXVariantGroup;
			children = (
				F0E123E526B9DB2100BF9CFF /* Base */,
			);
			name = LaunchScreen.storyboard;
			sourceTree = "<group>";
		};
/* End PBXVariantGroup section */

/* Begin XCBuildConfiguration section */
		F0E123E826B9DB2100BF9CFF /* Debug */ = {
			isa = XCBuildConfiguration;
			buildSettings = {
				ALWAYS_SEARCH_USER_PATHS = NO;
				CLANG_ANALYZER_NONNULL = YES;
				CLANG_ANALYZER_NUMBER_OBJECT_CONVERSION = YES_AGGRESSIVE;
				CLANG_CXX_LANGUAGE_STANDARD = "gnu++14";
				CLANG_CXX_LIBRARY = "libc++";
				CLANG_ENABLE_MODULES = YES;
				CLANG_ENABLE_OBJC_ARC = YES;
				CLANG_ENABLE_OBJC_WEAK = YES;
				CLANG_WARN_BLOCK_CAPTURE_AUTORELEASING = YES;
				CLANG_WARN_BOOL_CONVERSION = YES;
				CLANG_WARN_COMMA = YES;
				CLANG_WARN_CONSTANT_CONVERSION = YES;
				CLANG_WARN_DEPRECATED_OBJC_IMPLEMENTATIONS = YES;
				CLANG_WARN_DIRECT_OBJC_ISA_USAGE = YES_ERROR;
				CLANG_WARN_DOCUMENTATION_COMMENTS = YES;
				CLANG_WARN_EMPTY_BODY = YES;
				CLANG_WARN_ENUM_CONVERSION = YES;
				CLANG_WARN_INFINITE_RECURSION = YES;
				CLANG_WARN_INT_CONVERSION = YES;
				CLANG_WARN_NON_LITERAL_NULL_CONVERSION = YES;
				CLANG_WARN_OBJC_IMPLICIT_RETAIN_SELF = YES;
				CLANG_WARN_OBJC_LITERAL_CONVERSION = YES;
				CLANG_WARN_OBJC_ROOT_CLASS = YES_ERROR;
				CLANG_WARN_QUOTED_INCLUDE_IN_FRAMEWORK_HEADER = YES;
				CLANG_WARN_RANGE_LOOP_ANALYSIS = YES;
				CLANG_WARN_STRICT_PROTOTYPES = YES;
				CLANG_WARN_SUSPICIOUS_MOVE = YES;
				CLANG_WARN_UNGUARDED_AVAILABILITY = YES_AGGRESSIVE;
				CLANG_WARN_UNREACHABLE_CODE = YES;
				CLANG_WARN__DUPLICATE_METHOD_MATCH = YES;
				COPY_PHASE_STRIP = NO;
				DEBUG_INFORMATION_FORMAT = dwarf;
				ENABLE_STRICT_OBJC_MSGSEND = YES;
				ENABLE_TESTABILITY = YES;
				GCC_C_LANGUAGE_STANDARD = gnu11;
				GCC_DYNAMIC_NO_PIC = NO;
				GCC_NO_COMMON_BLOCKS = YES;
				GCC_OPTIMIZATION_LEVEL = 0;
				GCC_PREPROCESSOR_DEFINITIONS = (
					"DEBUG=1",
					"$(inherited)",
				);
				GCC_WARN_64_TO_32_BIT_CONVERSION = YES;
				GCC_WARN_ABOUT_RETURN_TYPE = YES_ERROR;
				GCC_WARN_UNDECLARED_SELECTOR = YES;
				GCC_WARN_UNINITIALIZED_AUTOS = YES_AGGRESSIVE;
				GCC_WARN_UNUSED_FUNCTION = YES;
				GCC_WARN_UNUSED_VARIABLE = YES;
				IPHONEOS_DEPLOYMENT_TARGET = 14.5;
				MTL_ENABLE_DEBUG_INFO = INCLUDE_SOURCE;
				MTL_FAST_MATH = YES;
				ONLY_ACTIVE_ARCH = YES;
				SDKROOT = iphoneos;
				SWIFT_ACTIVE_COMPILATION_CONDITIONS = DEBUG;
				SWIFT_OPTIMIZATION_LEVEL = "-Onone";
			};
			name = Debug;
		};
		F0E123E926B9DB2100BF9CFF /* Release */ = {
			isa = XCBuildConfiguration;
			buildSettings = {
				ALWAYS_SEARCH_USER_PATHS = NO;
				CLANG_ANALYZER_NONNULL = YES;
				CLANG_ANALYZER_NUMBER_OBJECT_CONVERSION = YES_AGGRESSIVE;
				CLANG_CXX_LANGUAGE_STANDARD = "gnu++14";
				CLANG_CXX_LIBRARY = "libc++";
				CLANG_ENABLE_MODULES = YES;
				CLANG_ENABLE_OBJC_ARC = YES;
				CLANG_ENABLE_OBJC_WEAK = YES;
				CLANG_WARN_BLOCK_CAPTURE_AUTORELEASING = YES;
				CLANG_WARN_BOOL_CONVERSION = YES;
				CLANG_WARN_COMMA = YES;
				CLANG_WARN_CONSTANT_CONVERSION = YES;
				CLANG_WARN_DEPRECATED_OBJC_IMPLEMENTATIONS = YES;
				CLANG_WARN_DIRECT_OBJC_ISA_USAGE = YES_ERROR;
				CLANG_WARN_DOCUMENTATION_COMMENTS = YES;
				CLANG_WARN_EMPTY_BODY = YES;
				CLANG_WARN_ENUM_CONVERSION = YES;
				CLANG_WARN_INFINITE_RECURSION = YES;
				CLANG_WARN_INT_CONVERSION = YES;
				CLANG_WARN_NON_LITERAL_NULL_CONVERSION = YES;
				CLANG_WARN_OBJC_IMPLICIT_RETAIN_SELF = YES;
				CLANG_WARN_OBJC_LITERAL_CONVERSION = YES;
				CLANG_WARN_OBJC_ROOT_CLASS = YES_ERROR;
				CLANG_WARN_QUOTED_INCLUDE_IN_FRAMEWORK_HEADER = YES;
				CLANG_WARN_RANGE_LOOP_ANALYSIS = YES;
				CLANG_WARN_STRICT_PROTOTYPES = YES;
				CLANG_WARN_SUSPICIOUS_MOVE = YES;
				CLANG_WARN_UNGUARDED_AVAILABILITY = YES_AGGRESSIVE;
				CLANG_WARN_UNREACHABLE_CODE = YES;
				CLANG_WARN__DUPLICATE_METHOD_MATCH = YES;
				COPY_PHASE_STRIP = NO;
				DEBUG_INFORMATION_FORMAT = "dwarf-with-dsym";
				ENABLE_NS_ASSERTIONS = NO;
				ENABLE_STRICT_OBJC_MSGSEND = YES;
				GCC_C_LANGUAGE_STANDARD = gnu11;
				GCC_NO_COMMON_BLOCKS = YES;
				GCC_WARN_64_TO_32_BIT_CONVERSION = YES;
				GCC_WARN_ABOUT_RETURN_TYPE = YES_ERROR;
				GCC_WARN_UNDECLARED_SELECTOR = YES;
				GCC_WARN_UNINITIALIZED_AUTOS = YES_AGGRESSIVE;
				GCC_WARN_UNUSED_FUNCTION = YES;
				GCC_WARN_UNUSED_VARIABLE = YES;
				IPHONEOS_DEPLOYMENT_TARGET = 14.5;
				MTL_ENABLE_DEBUG_INFO = NO;
				MTL_FAST_MATH = YES;
				SDKROOT = iphoneos;
				SWIFT_COMPILATION_MODE = wholemodule;
				SWIFT_OPTIMIZATION_LEVEL = "-O";
				VALIDATE_PRODUCT = YES;
			};
			name = Release;
		};
		F0E123EB26B9DB2100BF9CFF /* Debug */ = {
			isa = XCBuildConfiguration;
			buildSettings = {
				ASSETCATALOG_COMPILER_APPICON_NAME = AppIcon;
				ASSETCATALOG_COMPILER_GLOBAL_ACCENT_COLOR_NAME = AccentColor;
				CODE_SIGN_STYLE = Automatic;
				DEVELOPMENT_TEAM = FVJ245U8X2;
				INFOPLIST_FILE = DeckOfOneCard/Resources/Info.plist;
				LD_RUNPATH_SEARCH_PATHS = (
					"$(inherited)",
					"@executable_path/Frameworks",
				);
				PRODUCT_BUNDLE_IDENTIFIER = com.codewithkyle.DeckOfOneCard;
				PRODUCT_NAME = "$(TARGET_NAME)";
				SWIFT_VERSION = 5.0;
				TARGETED_DEVICE_FAMILY = "1,2";
			};
			name = Debug;
		};
		F0E123EC26B9DB2100BF9CFF /* Release */ = {
			isa = XCBuildConfiguration;
			buildSettings = {
				ASSETCATALOG_COMPILER_APPICON_NAME = AppIcon;
				ASSETCATALOG_COMPILER_GLOBAL_ACCENT_COLOR_NAME = AccentColor;
				CODE_SIGN_STYLE = Automatic;
				DEVELOPMENT_TEAM = FVJ245U8X2;
				INFOPLIST_FILE = DeckOfOneCard/Resources/Info.plist;
				LD_RUNPATH_SEARCH_PATHS = (
					"$(inherited)",
					"@executable_path/Frameworks",
				);
				PRODUCT_BUNDLE_IDENTIFIER = com.codewithkyle.DeckOfOneCard;
				PRODUCT_NAME = "$(TARGET_NAME)";
				SWIFT_VERSION = 5.0;
				TARGETED_DEVICE_FAMILY = "1,2";
			};
			name = Release;
		};
/* End XCBuildConfiguration section */

/* Begin XCConfigurationList section */
		F0E123D126B9DB1F00BF9CFF /* Build configuration list for PBXProject "DeckOfOneCard" */ = {
			isa = XCConfigurationList;
			buildConfigurations = (
				F0E123E826B9DB2100BF9CFF /* Debug */,
				F0E123E926B9DB2100BF9CFF /* Release */,
			);
			defaultConfigurationIsVisible = 0;
			defaultConfigurationName = Release;
		};
		F0E123EA26B9DB2100BF9CFF /* Build configuration list for PBXNativeTarget "DeckOfOneCard" */ = {
			isa = XCConfigurationList;
			buildConfigurations = (
				F0E123EB26B9DB2100BF9CFF /* Debug */,
				F0E123EC26B9DB2100BF9CFF /* Release */,
			);
			defaultConfigurationIsVisible = 0;
			defaultConfigurationName = Release;
		};
/* End XCConfigurationList section */
	};
	rootObject = F0E123CE26B9DB1F00BF9CFF /* Project object */;
}
