// !$*UTF8*$!
{
	archiveVersion = 1;
	classes = {
	};
	objectVersion = 50;
	objects = {

/* Begin PBXBuildFile section */
		F021F4FE26A0C894007A35BE /* AppDelegate.swift in Sources */ = {isa = PBXBuildFile; fileRef = F021F4FD26A0C894007A35BE /* AppDelegate.swift */; };
		F021F50026A0C894007A35BE /* SceneDelegate.swift in Sources */ = {isa = PBXBuildFile; fileRef = F021F4FF26A0C894007A35BE /* SceneDelegate.swift */; };
		F021F50226A0C894007A35BE /* ViewController.swift in Sources */ = {isa = PBXBuildFile; fileRef = F021F50126A0C894007A35BE /* ViewController.swift */; };
		F021F50526A0C894007A35BE /* Main.storyboard in Resources */ = {isa = PBXBuildFile; fileRef = F021F50326A0C894007A35BE /* Main.storyboard */; };
		F021F50726A0C896007A35BE /* Assets.xcassets in Resources */ = {isa = PBXBuildFile; fileRef = F021F50626A0C896007A35BE /* Assets.xcassets */; };
		F021F50A26A0C896007A35BE /* LaunchScreen.storyboard in Resources */ = {isa = PBXBuildFile; fileRef = F021F50826A0C896007A35BE /* LaunchScreen.storyboard */; };
		F021F51726A0C97E007A35BE /* Planet.swift in Sources */ = {isa = PBXBuildFile; fileRef = F021F51626A0C97E007A35BE /* Planet.swift */; };
		F021F51A26A0D0BA007A35BE /* PlanetControllers.swift in Sources */ = {isa = PBXBuildFile; fileRef = F021F51926A0D0BA007A35BE /* PlanetControllers.swift */; };
		F021F51E26A0DC75007A35BE /* PlanetListTableViewController.swift in Sources */ = {isa = PBXBuildFile; fileRef = F021F51D26A0DC75007A35BE /* PlanetListTableViewController.swift */; };
		F021F52026A0E456007A35BE /* PlanetDetailViewController.swift in Sources */ = {isa = PBXBuildFile; fileRef = F021F51F26A0E456007A35BE /* PlanetDetailViewController.swift */; };
/* End PBXBuildFile section */

/* Begin PBXFileReference section */
		F021F4FA26A0C894007A35BE /* SolarSystem.app */ = {isa = PBXFileReference; explicitFileType = wrapper.application; includeInIndex = 0; path = SolarSystem.app; sourceTree = BUILT_PRODUCTS_DIR; };
		F021F4FD26A0C894007A35BE /* AppDelegate.swift */ = {isa = PBXFileReference; lastKnownFileType = sourcecode.swift; path = AppDelegate.swift; sourceTree = "<group>"; };
		F021F4FF26A0C894007A35BE /* SceneDelegate.swift */ = {isa = PBXFileReference; lastKnownFileType = sourcecode.swift; path = SceneDelegate.swift; sourceTree = "<group>"; };
		F021F50126A0C894007A35BE /* ViewController.swift */ = {isa = PBXFileReference; lastKnownFileType = sourcecode.swift; path = ViewController.swift; sourceTree = "<group>"; };
		F021F50426A0C894007A35BE /* Base */ = {isa = PBXFileReference; lastKnownFileType = file.storyboard; name = Base; path = Base.lproj/Main.storyboard; sourceTree = "<group>"; };
		F021F50626A0C896007A35BE /* Assets.xcassets */ = {isa = PBXFileReference; lastKnownFileType = folder.assetcatalog; path = Assets.xcassets; sourceTree = "<group>"; };
		F021F50926A0C896007A35BE /* Base */ = {isa = PBXFileReference; lastKnownFileType = file.storyboard; name = Base; path = Base.lproj/LaunchScreen.storyboard; sourceTree = "<group>"; };
		F021F50B26A0C896007A35BE /* Info.plist */ = {isa = PBXFileReference; lastKnownFileType = text.plist.xml; path = Info.plist; sourceTree = "<group>"; };
		F021F51626A0C97E007A35BE /* Planet.swift */ = {isa = PBXFileReference; lastKnownFileType = sourcecode.swift; path = Planet.swift; sourceTree = "<group>"; };
		F021F51926A0D0BA007A35BE /* PlanetControllers.swift */ = {isa = PBXFileReference; lastKnownFileType = sourcecode.swift; path = PlanetControllers.swift; sourceTree = "<group>"; };
		F021F51D26A0DC75007A35BE /* PlanetListTableViewController.swift */ = {isa = PBXFileReference; lastKnownFileType = sourcecode.swift; path = PlanetListTableViewController.swift; sourceTree = "<group>"; };
		F021F51F26A0E456007A35BE /* PlanetDetailViewController.swift */ = {isa = PBXFileReference; lastKnownFileType = sourcecode.swift; path = PlanetDetailViewController.swift; sourceTree = "<group>"; };
/* End PBXFileReference section */

/* Begin PBXFrameworksBuildPhase section */
		F021F4F726A0C894007A35BE /* Frameworks */ = {
			isa = PBXFrameworksBuildPhase;
			buildActionMask = 2147483647;
			files = (
			);
			runOnlyForDeploymentPostprocessing = 0;
		};
/* End PBXFrameworksBuildPhase section */

/* Begin PBXGroup section */
		F021F4F126A0C894007A35BE = {
			isa = PBXGroup;
			children = (
				F021F4FC26A0C894007A35BE /* SolarSystem */,
				F021F4FB26A0C894007A35BE /* Products */,
			);
			sourceTree = "<group>";
		};
		F021F4FB26A0C894007A35BE /* Products */ = {
			isa = PBXGroup;
			children = (
				F021F4FA26A0C894007A35BE /* SolarSystem.app */,
			);
			name = Products;
			sourceTree = "<group>";
		};
		F021F4FC26A0C894007A35BE /* SolarSystem */ = {
			isa = PBXGroup;
			children = (
				F021F51326A0C8FA007A35BE /* Model */,
				F021F51226A0C8EF007A35BE /* Controllers */,
				F021F52226A0EC60007A35BE /* Views */,
				F021F51126A0C8AB007A35BE /* Resources */,
				F021F50126A0C894007A35BE /* ViewController.swift */,
				F021F50626A0C896007A35BE /* Assets.xcassets */,
				F021F50826A0C896007A35BE /* LaunchScreen.storyboard */,
			);
			path = SolarSystem;
			sourceTree = "<group>";
		};
		F021F51126A0C8AB007A35BE /* Resources */ = {
			isa = PBXGroup;
			children = (
				F021F4FD26A0C894007A35BE /* AppDelegate.swift */,
				F021F4FF26A0C894007A35BE /* SceneDelegate.swift */,
				F021F50B26A0C896007A35BE /* Info.plist */,
			);
			path = Resources;
			sourceTree = "<group>";
		};
		F021F51226A0C8EF007A35BE /* Controllers */ = {
			isa = PBXGroup;
			children = (
				F021F51526A0C92E007A35BE /* ViewControllers */,
				F021F51426A0C916007A35BE /* ModelControllers */,
			);
			path = Controllers;
			sourceTree = "<group>";
		};
		F021F51326A0C8FA007A35BE /* Model */ = {
			isa = PBXGroup;
			children = (
				F021F51626A0C97E007A35BE /* Planet.swift */,
			);
			path = Model;
			sourceTree = "<group>";
		};
		F021F51426A0C916007A35BE /* ModelControllers */ = {
			isa = PBXGroup;
			children = (
				F021F51926A0D0BA007A35BE /* PlanetControllers.swift */,
			);
			name = ModelControllers;
			sourceTree = "<group>";
		};
		F021F51526A0C92E007A35BE /* ViewControllers */ = {
			isa = PBXGroup;
			children = (
				F021F51D26A0DC75007A35BE /* PlanetListTableViewController.swift */,
				F021F51F26A0E456007A35BE /* PlanetDetailViewController.swift */,
			);
			name = ViewControllers;
			sourceTree = "<group>";
		};
		F021F52226A0EC60007A35BE /* Views */ = {
			isa = PBXGroup;
			children = (
				F021F52326A0EC80007A35BE /* Storyboards */,
			);
			path = Views;
			sourceTree = "<group>";
		};
		F021F52326A0EC80007A35BE /* Storyboards */ = {
			isa = PBXGroup;
			children = (
				F021F50326A0C894007A35BE /* Main.storyboard */,
			);
			name = Storyboards;
			sourceTree = "<group>";
		};
/* End PBXGroup section */

/* Begin PBXNativeTarget section */
		F021F4F926A0C894007A35BE /* SolarSystem */ = {
			isa = PBXNativeTarget;
			buildConfigurationList = F021F50E26A0C896007A35BE /* Build configuration list for PBXNativeTarget "SolarSystem" */;
			buildPhases = (
				F021F4F626A0C894007A35BE /* Sources */,
				F021F4F726A0C894007A35BE /* Frameworks */,
				F021F4F826A0C894007A35BE /* Resources */,
			);
			buildRules = (
			);
			dependencies = (
			);
			name = SolarSystem;
			productName = SolarSystem;
			productReference = F021F4FA26A0C894007A35BE /* SolarSystem.app */;
			productType = "com.apple.product-type.application";
		};
/* End PBXNativeTarget section */

/* Begin PBXProject section */
		F021F4F226A0C894007A35BE /* Project object */ = {
			isa = PBXProject;
			attributes = {
				LastSwiftUpdateCheck = 1250;
				LastUpgradeCheck = 1250;
				TargetAttributes = {
					F021F4F926A0C894007A35BE = {
						CreatedOnToolsVersion = 12.5.1;
					};
				};
			};
			buildConfigurationList = F021F4F526A0C894007A35BE /* Build configuration list for PBXProject "SolarSystem" */;
			compatibilityVersion = "Xcode 9.3";
			developmentRegion = en;
			hasScannedForEncodings = 0;
			knownRegions = (
				en,
				Base,
			);
			mainGroup = F021F4F126A0C894007A35BE;
			productRefGroup = F021F4FB26A0C894007A35BE /* Products */;
			projectDirPath = "";
			projectRoot = "";
			targets = (
				F021F4F926A0C894007A35BE /* SolarSystem */,
			);
		};
/* End PBXProject section */

/* Begin PBXResourcesBuildPhase section */
		F021F4F826A0C894007A35BE /* Resources */ = {
			isa = PBXResourcesBuildPhase;
			buildActionMask = 2147483647;
			files = (
				F021F50A26A0C896007A35BE /* LaunchScreen.storyboard in Resources */,
				F021F50726A0C896007A35BE /* Assets.xcassets in Resources */,
				F021F50526A0C894007A35BE /* Main.storyboard in Resources */,
			);
			runOnlyForDeploymentPostprocessing = 0;
		};
/* End PBXResourcesBuildPhase section */

/* Begin PBXSourcesBuildPhase section */
		F021F4F626A0C894007A35BE /* Sources */ = {
			isa = PBXSourcesBuildPhase;
			buildActionMask = 2147483647;
			files = (
				F021F52026A0E456007A35BE /* PlanetDetailViewController.swift in Sources */,
				F021F50226A0C894007A35BE /* ViewController.swift in Sources */,
				F021F51E26A0DC75007A35BE /* PlanetListTableViewController.swift in Sources */,
				F021F4FE26A0C894007A35BE /* AppDelegate.swift in Sources */,
				F021F51A26A0D0BA007A35BE /* PlanetControllers.swift in Sources */,
				F021F50026A0C894007A35BE /* SceneDelegate.swift in Sources */,
				F021F51726A0C97E007A35BE /* Planet.swift in Sources */,
			);
			runOnlyForDeploymentPostprocessing = 0;
		};
/* End PBXSourcesBuildPhase section */

/* Begin PBXVariantGroup section */
		F021F50326A0C894007A35BE /* Main.storyboard */ = {
			isa = PBXVariantGroup;
			children = (
				F021F50426A0C894007A35BE /* Base */,
			);
			name = Main.storyboard;
			sourceTree = "<group>";
		};
		F021F50826A0C896007A35BE /* LaunchScreen.storyboard */ = {
			isa = PBXVariantGroup;
			children = (
				F021F50926A0C896007A35BE /* Base */,
			);
			name = LaunchScreen.storyboard;
			sourceTree = "<group>";
		};
/* End PBXVariantGroup section */

/* Begin XCBuildConfiguration section */
		F021F50C26A0C896007A35BE /* Debug */ = {
			isa = XCBuildConfiguration;
			buildSettings = {
				ALWAYS_SEARCH_USER_PATHS = NO;
				CLANG_ANALYZER_NONNULL = YES;
				CLANG_ANALYZER_NUMBER_OBJECT_CONVERSION = YES_AGGRESSIVE;
				CLANG_CXX_LANGUAGE_STANDARD = "gnu++14";
				CLANG_CXX_LIBRARY = "libc++";
				CLANG_ENABLE_MODULES = YES;
				CLANG_ENABLE_OBJC_ARC = YES;
				CLANG_ENABLE_OBJC_WEAK = YES;
				CLANG_WARN_BLOCK_CAPTURE_AUTORELEASING = YES;
				CLANG_WARN_BOOL_CONVERSION = YES;
				CLANG_WARN_COMMA = YES;
				CLANG_WARN_CONSTANT_CONVERSION = YES;
				CLANG_WARN_DEPRECATED_OBJC_IMPLEMENTATIONS = YES;
				CLANG_WARN_DIRECT_OBJC_ISA_USAGE = YES_ERROR;
				CLANG_WARN_DOCUMENTATION_COMMENTS = YES;
				CLANG_WARN_EMPTY_BODY = YES;
				CLANG_WARN_ENUM_CONVERSION = YES;
				CLANG_WARN_INFINITE_RECURSION = YES;
				CLANG_WARN_INT_CONVERSION = YES;
				CLANG_WARN_NON_LITERAL_NULL_CONVERSION = YES;
				CLANG_WARN_OBJC_IMPLICIT_RETAIN_SELF = YES;
				CLANG_WARN_OBJC_LITERAL_CONVERSION = YES;
				CLANG_WARN_OBJC_ROOT_CLASS = YES_ERROR;
				CLANG_WARN_QUOTED_INCLUDE_IN_FRAMEWORK_HEADER = YES;
				CLANG_WARN_RANGE_LOOP_ANALYSIS = YES;
				CLANG_WARN_STRICT_PROTOTYPES = YES;
				CLANG_WARN_SUSPICIOUS_MOVE = YES;
				CLANG_WARN_UNGUARDED_AVAILABILITY = YES_AGGRESSIVE;
				CLANG_WARN_UNREACHABLE_CODE = YES;
				CLANG_WARN__DUPLICATE_METHOD_MATCH = YES;
				COPY_PHASE_STRIP = NO;
				DEBUG_INFORMATION_FORMAT = dwarf;
				ENABLE_STRICT_OBJC_MSGSEND = YES;
				ENABLE_TESTABILITY = YES;
				GCC_C_LANGUAGE_STANDARD = gnu11;
				GCC_DYNAMIC_NO_PIC = NO;
				GCC_NO_COMMON_BLOCKS = YES;
				GCC_OPTIMIZATION_LEVEL = 0;
				GCC_PREPROCESSOR_DEFINITIONS = (
					"DEBUG=1",
					"$(inherited)",
				);
				GCC_WARN_64_TO_32_BIT_CONVERSION = YES;
				GCC_WARN_ABOUT_RETURN_TYPE = YES_ERROR;
				GCC_WARN_UNDECLARED_SELECTOR = YES;
				GCC_WARN_UNINITIALIZED_AUTOS = YES_AGGRESSIVE;
				GCC_WARN_UNUSED_FUNCTION = YES;
				GCC_WARN_UNUSED_VARIABLE = YES;
				IPHONEOS_DEPLOYMENT_TARGET = 14.5;
				MTL_ENABLE_DEBUG_INFO = INCLUDE_SOURCE;
				MTL_FAST_MATH = YES;
				ONLY_ACTIVE_ARCH = YES;
				SDKROOT = iphoneos;
				SWIFT_ACTIVE_COMPILATION_CONDITIONS = DEBUG;
				SWIFT_OPTIMIZATION_LEVEL = "-Onone";
			};
			name = Debug;
		};
		F021F50D26A0C896007A35BE /* Release */ = {
			isa = XCBuildConfiguration;
			buildSettings = {
				ALWAYS_SEARCH_USER_PATHS = NO;
				CLANG_ANALYZER_NONNULL = YES;
				CLANG_ANALYZER_NUMBER_OBJECT_CONVERSION = YES_AGGRESSIVE;
				CLANG_CXX_LANGUAGE_STANDARD = "gnu++14";
				CLANG_CXX_LIBRARY = "libc++";
				CLANG_ENABLE_MODULES = YES;
				CLANG_ENABLE_OBJC_ARC = YES;
				CLANG_ENABLE_OBJC_WEAK = YES;
				CLANG_WARN_BLOCK_CAPTURE_AUTORELEASING = YES;
				CLANG_WARN_BOOL_CONVERSION = YES;
				CLANG_WARN_COMMA = YES;
				CLANG_WARN_CONSTANT_CONVERSION = YES;
				CLANG_WARN_DEPRECATED_OBJC_IMPLEMENTATIONS = YES;
				CLANG_WARN_DIRECT_OBJC_ISA_USAGE = YES_ERROR;
				CLANG_WARN_DOCUMENTATION_COMMENTS = YES;
				CLANG_WARN_EMPTY_BODY = YES;
				CLANG_WARN_ENUM_CONVERSION = YES;
				CLANG_WARN_INFINITE_RECURSION = YES;
				CLANG_WARN_INT_CONVERSION = YES;
				CLANG_WARN_NON_LITERAL_NULL_CONVERSION = YES;
				CLANG_WARN_OBJC_IMPLICIT_RETAIN_SELF = YES;
				CLANG_WARN_OBJC_LITERAL_CONVERSION = YES;
				CLANG_WARN_OBJC_ROOT_CLASS = YES_ERROR;
				CLANG_WARN_QUOTED_INCLUDE_IN_FRAMEWORK_HEADER = YES;
				CLANG_WARN_RANGE_LOOP_ANALYSIS = YES;
				CLANG_WARN_STRICT_PROTOTYPES = YES;
				CLANG_WARN_SUSPICIOUS_MOVE = YES;
				CLANG_WARN_UNGUARDED_AVAILABILITY = YES_AGGRESSIVE;
				CLANG_WARN_UNREACHABLE_CODE = YES;
				CLANG_WARN__DUPLICATE_METHOD_MATCH = YES;
				COPY_PHASE_STRIP = NO;
				DEBUG_INFORMATION_FORMAT = "dwarf-with-dsym";
				ENABLE_NS_ASSERTIONS = NO;
				ENABLE_STRICT_OBJC_MSGSEND = YES;
				GCC_C_LANGUAGE_STANDARD = gnu11;
				GCC_NO_COMMON_BLOCKS = YES;
				GCC_WARN_64_TO_32_BIT_CONVERSION = YES;
				GCC_WARN_ABOUT_RETURN_TYPE = YES_ERROR;
				GCC_WARN_UNDECLARED_SELECTOR = YES;
				GCC_WARN_UNINITIALIZED_AUTOS = YES_AGGRESSIVE;
				GCC_WARN_UNUSED_FUNCTION = YES;
				GCC_WARN_UNUSED_VARIABLE = YES;
				IPHONEOS_DEPLOYMENT_TARGET = 14.5;
				MTL_ENABLE_DEBUG_INFO = NO;
				MTL_FAST_MATH = YES;
				SDKROOT = iphoneos;
				SWIFT_COMPILATION_MODE = wholemodule;
				SWIFT_OPTIMIZATION_LEVEL = "-O";
				VALIDATE_PRODUCT = YES;
			};
			name = Release;
		};
		F021F50F26A0C896007A35BE /* Debug */ = {
			isa = XCBuildConfiguration;
			buildSettings = {
				ASSETCATALOG_COMPILER_APPICON_NAME = AppIcon;
				ASSETCATALOG_COMPILER_GLOBAL_ACCENT_COLOR_NAME = AccentColor;
				CODE_SIGN_STYLE = Automatic;
				DEVELOPMENT_TEAM = FVJ245U8X2;
				INFOPLIST_FILE = SolarSystem/Resources/Info.plist;
				LD_RUNPATH_SEARCH_PATHS = (
					"$(inherited)",
					"@executable_path/Frameworks",
				);
				PRODUCT_BUNDLE_IDENTIFIER = com.codewithkyle.SolarSystem;
				PRODUCT_NAME = "$(TARGET_NAME)";
				SWIFT_VERSION = 5.0;
				TARGETED_DEVICE_FAMILY = "1,2";
			};
			name = Debug;
		};
		F021F51026A0C896007A35BE /* Release */ = {
			isa = XCBuildConfiguration;
			buildSettings = {
				ASSETCATALOG_COMPILER_APPICON_NAME = AppIcon;
				ASSETCATALOG_COMPILER_GLOBAL_ACCENT_COLOR_NAME = AccentColor;
				CODE_SIGN_STYLE = Automatic;
				DEVELOPMENT_TEAM = FVJ245U8X2;
				INFOPLIST_FILE = SolarSystem/Resources/Info.plist;
				LD_RUNPATH_SEARCH_PATHS = (
					"$(inherited)",
					"@executable_path/Frameworks",
				);
				PRODUCT_BUNDLE_IDENTIFIER = com.codewithkyle.SolarSystem;
				PRODUCT_NAME = "$(TARGET_NAME)";
				SWIFT_VERSION = 5.0;
				TARGETED_DEVICE_FAMILY = "1,2";
			};
			name = Release;
		};
/* End XCBuildConfiguration section */

/* Begin XCConfigurationList section */
		F021F4F526A0C894007A35BE /* Build configuration list for PBXProject "SolarSystem" */ = {
			isa = XCConfigurationList;
			buildConfigurations = (
				F021F50C26A0C896007A35BE /* Debug */,
				F021F50D26A0C896007A35BE /* Release */,
			);
			defaultConfigurationIsVisible = 0;
			defaultConfigurationName = Release;
		};
		F021F50E26A0C896007A35BE /* Build configuration list for PBXNativeTarget "SolarSystem" */ = {
			isa = XCConfigurationList;
			buildConfigurations = (
				F021F50F26A0C896007A35BE /* Debug */,
				F021F51026A0C896007A35BE /* Release */,
			);
			defaultConfigurationIsVisible = 0;
			defaultConfigurationName = Release;
		};
/* End XCConfigurationList section */
	};
	rootObject = F021F4F226A0C894007A35BE /* Project object */;
}
